github.com/chewxy/math32 v1.11.1 h1:b7PGHlp8KjylDoU8RrcEsRuGZhJuz8haxnKfuMMRqy8=
github.com/chewxy/math32 v1.11.1/go.mod h1:dOB2rcuFrCn6UHrze36WSLVPKtzPMRAQvBvUwkSsLqs=
github.com/ebitengine/gomobile v0.0.0-20240911145611-4856209ac325 h1:Gk1XUEttOk0/hb6Tq3WkmutWa0ZLhNn/6fc6XZpM7tM=
github.com/ebitengine/gomobile v0.0.0-20240911145611-4856209ac325/go.mod h1:ulhSQcbPioQrallSuIzF8l1NKQoD7xmMZc5NxzibUMY=
github.com/ebitengine/gomobile v0.0.0-20250329061421-6d0a8e981e4c h1:Ccgks2VROTr6bIm1FFxG2jT6P1DaCBMj8g/O9xbOQ08=
github.com/ebitengine/gomobile v0.0.0-20250329061421-6d0a8e981e4c/go.mod h1:M6DDA2RbegvWBVv4Dq482lwyFTtMczT1A7UNm1qOYzY=
github.com/ebitengine/hideconsole v1.0.0 h1:5J4U0kXF+pv/DhiXt5/lTz0eO5ogJ1iXb8Yj1yReDqE=
github.com/ebitengine/hideconsole v1.0.0/go.mod h1:hTTBTvVYWKBuxPr7peweneWdkUwEuHuB3C1R/ielR1A=
github.com/ebitengine/purego v0.8.0 h1:JbqvnEzRvPpxhCJzJJ2y0RbiZ8nyjccVUrSM3q+GvvE=
github.com/ebitengine/purego v0.8.0/go.mod h1:iIjxzd6CiRiOG0UyXP+V1+jWqUXVjPKLAI0mRfJZTmQ=
github.com/ebitengine/purego v0.8.4 h1:CF7LEKg5FFOsASUj0+QwaXf8Ht6TlFxg09+S9wz0omw=
github.com/ebitengine/purego v0.8.4/go.mod h1:iIjxzd6CiRiOG0UyXP+V1+jWqUXVjPKLAI0mRfJZTmQ=
github.com/hajimehoshi/ebiten/v2 v2.8.8 h1:xyMxOAn52T1tQ+j3vdieZ7auDBOXmvjUprSrxaIbsi8=
github.com/hajimehoshi/ebiten/v2 v2.8.8/go.mod h1:durJ05+OYnio9b8q0sEtOgaNeBEQG7Yr7lRviAciYbs=
github.com/jezek/xgb v1.1.1 h1:bE/r8ZZtSv7l9gk6nU0mYx51aXrvnyb44892TwSaqS4=
github.com/jezek/xgb v1.1.1/go.mod h1:nrhwO0FX/enq75I7Y7G8iN1ubpSGZEiA3v9e9GyRFlk=
github.com/lucasb-eyer/go-colorful v1.2.0 h1:1nnpGOrhyZZuNyfu1QjKiUICQ74+3FNCN69Aj6K7nkY=
github.com/lucasb-eyer/go-colorful v1.2.0/go.mod h1:R4dSotOR9KMtayYi1e77YzuveK+i7ruzyGqttikkLy0=
github.com/olimci/autograd v0.0.0-20250829183827-42b51649ee6b h1:sIbCmMDptBtBjwWlH8QC2NkxJbf25qh8tOwDwuNDWuM=
github.com/olimci/autograd v0.0.0-20250829183827-42b51649ee6b/go.mod h1:O3znPA0ipPOAVbfeO8I7F0UcFXKqA4PVMQVgXvYnogQ=
github.com/olimci/autograd v0.0.0-20250829201122-e2bb1e64a176 h1:oJQ0jwvoCEoTbasrqzaKeQ6mgOLf/OZW/uaH3eK2XTA=
github.com/olimci/autograd v0.0.0-20250829201122-e2bb1e64a176/go.mod h1:GDwo/k5bmzD3YHxRpzVjfJI3pkbs0n+wOZS3baY5Lok=
github.com/olimci/autograd/module v0.0.0-20250829183827-42b51649ee6b h1:uDIE7fraOOcbcWbiq7uTE6Y2q58R0GCa6XgOWwFRp3c=
github.com/olimci/autograd/module v0.0.0-20250829183827-42b51649ee6b/go.mod h1:zdork7fcoZFxgA+T019u1SePKrcn93VeegdSZSF1ZDk=
github.com/olimci/autograd/module v0.0.0-20250829201122-e2bb1e64a176 h1:TjHReDvgrL3zTsGCN5j1qlSW7J7gkDFWqVsGDYw9DDk=
github.com/olimci/autograd/module v0.0.0-20250829201122-e2bb1e64a176/go.mod h1:zdork7fcoZFxgA+T019u1SePKrcn93VeegdSZSF1ZDk=
github.com/olimci/autograd/tensor v0.0.0-20250829183827-42b51649ee6b h1:BD1hzAivIvfCusRCAHpL0ZqWvdrrudkCNipBLYvUJK4=
github.com/olimci/autograd/tensor v0.0.0-20250829183827-42b51649ee6b/go.mod h1:bZ6kg+P6SsMWlq7ppCaHRFM/puYyl245BB1GRq5hOg8=
github.com/olimci/autograd/tensor v0.0.0-20250829201122-e2bb1e64a176 h1:BiepWeyMNLEe9Yx0IDVECVyOeY4t/mIvxtBr3zC3Q0o=
github.com/olimci/autograd/tensor v0.0.0-20250829201122-e2bb1e64a176/go.mod h1:bZ6kg+P6SsMWlq7ppCaHRFM/puYyl245BB1GRq5hOg8=
golang.org/x/image v0.20.0 h1:7cVCUjQwfL18gyBJOmYvptfSHS8Fb3YUDtfLIZ7Nbpw=
golang.org/x/image v0.20.0/go.mod h1:0a88To4CYVBAHp5FXJm8o7QbUl37Vd85ply1vyD8auM=
golang.org/x/image v0.25.0 h1:Y6uW6rH1y5y/LK1J8BPWZtr6yZ7hrsy6hFrXjgsc2fQ=
golang.org/x/sync v0.8.0 h1:3NFvSEYkUoMifnESzZl15y791HH1qU2xm6eCJU5ZPXQ=
golang.org/x/sync v0.8.0/go.mod h1:Czt+wKu1gCyEFDUtn0jG5QVvpJ6rzVqr5aXyt9drQfk=
golang.org/x/sync v0.16.0 h1:ycBJEhp9p4vXvUZNszeOq0kGTPghopOL8q0fq3vstxw=
golang.org/x/sync v0.16.0/go.mod h1:1dzgHSNfp02xaA81J2MS99Qcpr2w7fw1gpm99rleRqA=
golang.org/x/sys v0.25.0 h1:r+8e+loiHxRqhXVl6ML1nO3l1+oFoWbnlu2Ehimmi34=
golang.org/x/sys v0.25.0/go.mod h1:/VUhepiaJMQUp4+oa/7Zr1D23ma6VTLIYjOOTFZPUcA=
golang.org/x/sys v0.35.0 h1:vz1N37gP5bs89s7He8XuIYXpyY0+QlsKmzipCbUtyxI=
golang.org/x/sys v0.35.0/go.mod h1:BJP2sWEmIv4KK5OTEluFJCKSidICx8ciO85XgH3Ak8k=
